PATH
  remote: ../oauth
  specs:
    oauth (1.1.3)
      auth-sanitizer (~> 0.1)
      base64 (~> 0.1)
      cgi
      oauth-tty (~> 1.0, >= 1.0.6)
      snaky_hash (~> 2.0)
      version_gem (~> 1.1, >= 1.1.9)

PATH
  remote: .
  specs:
    warden_oauth (0.1.1)
      auth-sanitizer (~> 0.1)
      oauth
      warden (>= 0.8.1)

GEM
  remote: https://rubygems.org/
  specs:
    auth-sanitizer (0.1.0)
      version_gem (~> 1.1, >= 1.1.9)
    base64 (0.3.0)
    cgi (0.5.1)
    diff-lcs (1.6.2)
    fakeweb (1.3.0)
    hashie (5.1.0)
      logger
    logger (1.7.0)
    oauth-tty (1.0.6)
      version_gem (~> 1.1, >= 1.1.9)
    rack (3.2.6)
    rack-session (2.1.2)
      base64 (>= 0.1.0)
      rack (>= 3.0.0)
    rack-test (2.2.0)
      rack (>= 1.3)
    rake (13.4.2)
    rspec (3.13.2)
      rspec-core (~> 3.13.0)
      rspec-expectations (~> 3.13.0)
      rspec-mocks (~> 3.13.0)
    rspec-core (3.13.6)
      rspec-support (~> 3.13.0)
    rspec-expectations (3.13.5)
      diff-lcs (>= 1.2.0, < 2.0)
      rspec-support (~> 3.13.0)
    rspec-mocks (3.13.8)
      diff-lcs (>= 1.2.0, < 2.0)
      rspec-support (~> 3.13.0)
    rspec-support (3.13.7)
    snaky_hash (2.0.3)
      hashie (>= 0.1.0, < 6)
      version_gem (>= 1.1.8, < 3)
    version_gem (1.1.9)
    warden (1.2.9)
      rack (>= 2.0.9)
    yard (0.9.43)

PLATFORMS
  ruby
  x86_64-linux

DEPENDENCIES
  fakeweb
  oauth!
  rack-session
  rack-test
  rake
  rspec
  warden_oauth!
  yard

CHECKSUMS
  auth-sanitizer (0.1.0) sha256=c131376e864adb77e251b92cc202faff085a615de374f812efe1f6beccf5654c
  base64 (0.3.0) sha256=27337aeabad6ffae05c265c450490628ef3ebd4b67be58257393227588f5a97b
  cgi (0.5.1) sha256=e93fcafc69b8a934fe1e6146121fa35430efa8b4a4047c4893764067036f18e9
  diff-lcs (1.6.2) sha256=9ae0d2cba7d4df3075fe8cd8602a8604993efc0dfa934cff568969efb1909962
  fakeweb (1.3.0) sha256=1ec996be13020a00b3464560c09180b424477c698f59f82edf2b99b16cfa09a8
  hashie (5.1.0) sha256=c266471896f323c446ea8207f8ffac985d2718df0a0ba98651a3057096ca3870
  logger (1.7.0) sha256=196edec7cc44b66cfb40f9755ce11b392f21f7967696af15d274dde7edff0203
  oauth (1.1.3)
  oauth-tty (1.0.6) sha256=9e8bd1861d367cce18318d8f214f2e1a1d7cb3898de0a9ea79162b4fdecb3152
  rack (3.2.6) sha256=5ed78e1f73b2e25679bec7d45ee2d4483cc4146eb1be0264fc4d94cb5ef212c2
  rack-session (2.1.2) sha256=595434f8c0c3473ae7d7ac56ecda6cc6dfd9d37c0b2b5255330aa1576967ffe8
  rack-test (2.2.0) sha256=005a36692c306ac0b4a9350355ee080fd09ddef1148a5f8b2ac636c720f5c463
  rake (13.4.2) sha256=cb825b2bd5f1f8e91ca37bddb4b9aaf345551b4731da62949be002fa89283701
  rspec (3.13.2) sha256=206284a08ad798e61f86d7ca3e376718d52c0bc944626b2349266f239f820587
  rspec-core (3.13.6) sha256=a8823c6411667b60a8bca135364351dda34cd55e44ff94c4be4633b37d828b2d
  rspec-expectations (3.13.5) sha256=33a4d3a1d95060aea4c94e9f237030a8f9eae5615e9bd85718fe3a09e4b58836
  rspec-mocks (3.13.8) sha256=086ad3d3d17533f4237643de0b5c42f04b66348c28bf6b9c2d3f4a3b01af1d47
  rspec-support (3.13.7) sha256=0640e5570872aafefd79867901deeeeb40b0c9875a36b983d85f54fb7381c47c
  snaky_hash (2.0.3) sha256=25a3d299566e8153fb02fa23fd9a9358845950f7a523ddbbe1fa1e0d79a6d456
  version_gem (1.1.9) sha256=0c1a0962ae543c84a00889bb018d9f14d8f8af6029d26b295d98774e3d2eb9a4
  warden (1.2.9) sha256=46684f885d35a69dbb883deabf85a222c8e427a957804719e143005df7a1efd0
  warden_oauth (0.1.1)
  yard (0.9.43) sha256=cf8733a8f0485df2a162927e9b5f182215a61f6d22de096b8f402c726a1c5821

BUNDLED WITH
  4.0.9
